
Microsoft Visual Studio Solution File, Format Version 12.00
# Visual Studio Version 17
VisualStudioVersion = 17.7.34031.279
MinimumVisualStudioVersion = 10.0.40219.1
Project("{9A19103F-16F7-4668-BE54-9A1E7A4F7556}") = "TrentoWeather_MVC", "TrentoWeather_MVC\TrentoWeather_MVC.csproj", "{23840809-38DB-4374-AF39-FF99EBD7B61B}"
EndProject
Project("{9A19103F-16F7-4668-BE54-9A1E7A4F7556}") = "TrentoWeather_SOAP", "TrentoWeather_SOAP\TrentoWeather_SOAP.csproj", "{87749BB6-246E-4612-961B-3D0986B0E491}"
EndProject
Project("{9A19103F-16F7-4668-BE54-9A1E7A4F7556}") = "WeatherModels", "WeatherModels\WeatherModels.csproj", "{C3DDC8E9-E3C9-4823-A7FE-8339E96CEA5A}"
EndProject
Project("{E53339B2-1760-4266-BCC7-CA923CBCF16C}") = "docker-compose", "docker-compose.dcproj", "{8E625CEE-1F6A-4409-BC90-94E172BBDC50}"
EndProject
Global
	GlobalSection(SolutionConfigurationPlatforms) = preSolution
		Debug|Any CPU = Debug|Any CPU
		Release|Any CPU = Release|Any CPU
	EndGlobalSection
	GlobalSection(ProjectConfigurationPlatforms) = postSolution
		{23840809-38DB-4374-AF39-FF99EBD7B61B}.Debug|Any CPU.ActiveCfg = Debug|Any CPU
		{23840809-38DB-4374-AF39-FF99EBD7B61B}.Debug|Any CPU.Build.0 = Debug|Any CPU
		{23840809-38DB-4374-AF39-FF99EBD7B61B}.Release|Any CPU.ActiveCfg = Release|Any CPU
		{23840809-38DB-4374-AF39-FF99EBD7B61B}.Release|Any CPU.Build.0 = Release|Any CPU
		{87749BB6-246E-4612-961B-3D0986B0E491}.Debug|Any CPU.ActiveCfg = Debug|Any CPU
		{87749BB6-246E-4612-961B-3D0986B0E491}.Debug|Any CPU.Build.0 = Debug|Any CPU
		{87749BB6-246E-4612-961B-3D0986B0E491}.Release|Any CPU.ActiveCfg = Release|Any CPU
		{87749BB6-246E-4612-961B-3D0986B0E491}.Release|Any CPU.Build.0 = Release|Any CPU
		{C3DDC8E9-E3C9-4823-A7FE-8339E96CEA5A}.Debug|Any CPU.ActiveCfg = Debug|Any CPU
		{C3DDC8E9-E3C9-4823-A7FE-8339E96CEA5A}.Debug|Any CPU.Build.0 = Debug|Any CPU
		{C3DDC8E9-E3C9-4823-A7FE-8339E96CEA5A}.Release|Any CPU.ActiveCfg = Release|Any CPU
		{C3DDC8E9-E3C9-4823-A7FE-8339E96CEA5A}.Release|Any CPU.Build.0 = Release|Any CPU
		{8E625CEE-1F6A-4409-BC90-94E172BBDC50}.Debug|Any CPU.ActiveCfg = Debug|Any CPU
		{8E625CEE-1F6A-4409-BC90-94E172BBDC50}.Debug|Any CPU.Build.0 = Debug|Any CPU
		{8E625CEE-1F6A-4409-BC90-94E172BBDC50}.Release|Any CPU.ActiveCfg = Release|Any CPU
		{8E625CEE-1F6A-4409-BC90-94E172BBDC50}.Release|Any CPU.Build.0 = Release|Any CPU
	EndGlobalSection
	GlobalSection(SolutionProperties) = preSolution
		HideSolutionNode = FALSE
	EndGlobalSection
	GlobalSection(ExtensibilityGlobals) = postSolution
		SolutionGuid = {FD3F76A8-A34D-4284-B9B1-D798F9A6F7C8}
	EndGlobalSection
EndGlobal
